// !$*UTF8*$!
{
	archiveVersion = 1;
	classes = {
	};
	objectVersion = 46;
	objects = {

/* Begin PBXBuildFile section */
		2A9A1C63045089787BC222B1 /* Pods_OnTheMap.framework in Frameworks */ = {isa = PBXBuildFile; fileRef = BADE8D9205964B8DDB2AC2AB /* Pods_OnTheMap.framework */; };
		F61E5F771F35BD8A00806882 /* OTMConstants.swift in Sources */ = {isa = PBXBuildFile; fileRef = F61E5F761F35BD8A00806882 /* OTMConstants.swift */; };
		F646F4971F34473100DE38F9 /* StudentInformation.swift in Sources */ = {isa = PBXBuildFile; fileRef = F646F4961F34473100DE38F9 /* StudentInformation.swift */; };
		F64710CA1F35C4D400E9854B /* UdacityClient.swift in Sources */ = {isa = PBXBuildFile; fileRef = F64710C91F35C4D400E9854B /* UdacityClient.swift */; };
		F65696381F40A8E700837B58 /* Storage.swift in Sources */ = {isa = PBXBuildFile; fileRef = F65696371F40A8E700837B58 /* Storage.swift */; };
		F656963A1F40ADD800837B58 /* OTMTableViewCell.swift in Sources */ = {isa = PBXBuildFile; fileRef = F65696391F40ADD800837B58 /* OTMTableViewCell.swift */; };
		F656963C1F40BBF600837B58 /* InfoPostingViewController.swift in Sources */ = {isa = PBXBuildFile; fileRef = F656963B1F40BBF600837B58 /* InfoPostingViewController.swift */; };
		F656963E1F40BE0200837B58 /* RoundedButton.swift in Sources */ = {isa = PBXBuildFile; fileRef = F656963D1F40BE0200837B58 /* RoundedButton.swift */; };
		F65696401F416FEE00837B58 /* OTMLocation.swift in Sources */ = {isa = PBXBuildFile; fileRef = F656963F1F416FEE00837B58 /* OTMLocation.swift */; };
		F65696421F41778200837B58 /* StudentModel.swift in Sources */ = {isa = PBXBuildFile; fileRef = F65696411F41778200837B58 /* StudentModel.swift */; };
		F677874A1F3DA769001B14F2 /* TabBarViewController.swift in Sources */ = {isa = PBXBuildFile; fileRef = F67787491F3DA769001B14F2 /* TabBarViewController.swift */; };
		F67886081F3754B6004C8F96 /* UdacityConvenience.swift in Sources */ = {isa = PBXBuildFile; fileRef = F67886071F3754B6004C8F96 /* UdacityConvenience.swift */; };
		F682ACA11F307A7B00BF29F0 /* AppDelegate.swift in Sources */ = {isa = PBXBuildFile; fileRef = F682ACA01F307A7B00BF29F0 /* AppDelegate.swift */; };
		F682ACA31F307A7B00BF29F0 /* LoginViewController.swift in Sources */ = {isa = PBXBuildFile; fileRef = F682ACA21F307A7B00BF29F0 /* LoginViewController.swift */; };
		F682ACA61F307A7B00BF29F0 /* Main.storyboard in Resources */ = {isa = PBXBuildFile; fileRef = F682ACA41F307A7B00BF29F0 /* Main.storyboard */; };
		F682ACA81F307A7B00BF29F0 /* Assets.xcassets in Resources */ = {isa = PBXBuildFile; fileRef = F682ACA71F307A7B00BF29F0 /* Assets.xcassets */; };
		F682ACAB1F307A7B00BF29F0 /* LaunchScreen.storyboard in Resources */ = {isa = PBXBuildFile; fileRef = F682ACA91F307A7B00BF29F0 /* LaunchScreen.storyboard */; };
		F6CDE3551F3862A0008082C2 /* MapViewController.swift in Sources */ = {isa = PBXBuildFile; fileRef = F6CDE3541F3862A0008082C2 /* MapViewController.swift */; };
		F6CDE3571F3869D0008082C2 /* ParseClient.swift in Sources */ = {isa = PBXBuildFile; fileRef = F6CDE3561F3869D0008082C2 /* ParseClient.swift */; };
		F6CDE35A1F386F86008082C2 /* ListViewController.swift in Sources */ = {isa = PBXBuildFile; fileRef = F6CDE3591F386F86008082C2 /* ListViewController.swift */; };
		F6DBC5F91F38912E00B625B8 /* ParseConvenience.swift in Sources */ = {isa = PBXBuildFile; fileRef = F6DBC5F81F38912E00B625B8 /* ParseConvenience.swift */; };
/* End PBXBuildFile section */

/* Begin PBXFileReference section */
		4E7B9CF497CA011B9D65A8DC /* Pods-OnTheMap.debug.xcconfig */ = {isa = PBXFileReference; includeInIndex = 1; lastKnownFileType = text.xcconfig; name = "Pods-OnTheMap.debug.xcconfig"; path = "Pods/Target Support Files/Pods-OnTheMap/Pods-OnTheMap.debug.xcconfig"; sourceTree = "<group>"; };
		BADE8D9205964B8DDB2AC2AB /* Pods_OnTheMap.framework */ = {isa = PBXFileReference; explicitFileType = wrapper.framework; includeInIndex = 0; path = Pods_OnTheMap.framework; sourceTree = BUILT_PRODUCTS_DIR; };
		D95C4231FE043AE9042DECA0 /* Pods-OnTheMap.release.xcconfig */ = {isa = PBXFileReference; includeInIndex = 1; lastKnownFileType = text.xcconfig; name = "Pods-OnTheMap.release.xcconfig"; path = "Pods/Target Support Files/Pods-OnTheMap/Pods-OnTheMap.release.xcconfig"; sourceTree = "<group>"; };
		F61E5F761F35BD8A00806882 /* OTMConstants.swift */ = {isa = PBXFileReference; fileEncoding = 4; lastKnownFileType = sourcecode.swift; path = OTMConstants.swift; sourceTree = "<group>"; };
		F62AF5BD1F39879F00EA5CA3 /* OnTheMap-Bridging-Header.h */ = {isa = PBXFileReference; fileEncoding = 4; lastKnownFileType = sourcecode.c.h; path = "OnTheMap-Bridging-Header.h"; sourceTree = "<group>"; };
		F646F4961F34473100DE38F9 /* StudentInformation.swift */ = {isa = PBXFileReference; fileEncoding = 4; lastKnownFileType = sourcecode.swift; path = StudentInformation.swift; sourceTree = "<group>"; };
		F64710C91F35C4D400E9854B /* UdacityClient.swift */ = {isa = PBXFileReference; lastKnownFileType = sourcecode.swift; path = UdacityClient.swift; sourceTree = "<group>"; };
		F65696371F40A8E700837B58 /* Storage.swift */ = {isa = PBXFileReference; fileEncoding = 4; lastKnownFileType = sourcecode.swift; path = Storage.swift; sourceTree = "<group>"; };
		F65696391F40ADD800837B58 /* OTMTableViewCell.swift */ = {isa = PBXFileReference; fileEncoding = 4; lastKnownFileType = sourcecode.swift; path = OTMTableViewCell.swift; sourceTree = "<group>"; };
		F656963B1F40BBF600837B58 /* InfoPostingViewController.swift */ = {isa = PBXFileReference; fileEncoding = 4; lastKnownFileType = sourcecode.swift; path = InfoPostingViewController.swift; sourceTree = "<group>"; };
		F656963D1F40BE0200837B58 /* RoundedButton.swift */ = {isa = PBXFileReference; fileEncoding = 4; lastKnownFileType = sourcecode.swift; path = RoundedButton.swift; sourceTree = "<group>"; };
		F656963F1F416FEE00837B58 /* OTMLocation.swift */ = {isa = PBXFileReference; fileEncoding = 4; lastKnownFileType = sourcecode.swift; path = OTMLocation.swift; sourceTree = "<group>"; };
		F65696411F41778200837B58 /* StudentModel.swift */ = {isa = PBXFileReference; fileEncoding = 4; lastKnownFileType = sourcecode.swift; path = StudentModel.swift; sourceTree = "<group>"; };
		F67787491F3DA769001B14F2 /* TabBarViewController.swift */ = {isa = PBXFileReference; fileEncoding = 4; lastKnownFileType = sourcecode.swift; path = TabBarViewController.swift; sourceTree = "<group>"; };
		F67886071F3754B6004C8F96 /* UdacityConvenience.swift */ = {isa = PBXFileReference; fileEncoding = 4; lastKnownFileType = sourcecode.swift; path = UdacityConvenience.swift; sourceTree = "<group>"; };
		F682AC9D1F307A7B00BF29F0 /* OnTheMap.app */ = {isa = PBXFileReference; explicitFileType = wrapper.application; includeInIndex = 0; path = OnTheMap.app; sourceTree = BUILT_PRODUCTS_DIR; };
		F682ACA01F307A7B00BF29F0 /* AppDelegate.swift */ = {isa = PBXFileReference; lastKnownFileType = sourcecode.swift; path = AppDelegate.swift; sourceTree = "<group>"; };
		F682ACA21F307A7B00BF29F0 /* LoginViewController.swift */ = {isa = PBXFileReference; lastKnownFileType = sourcecode.swift; path = LoginViewController.swift; sourceTree = "<group>"; };
		F682ACA51F307A7B00BF29F0 /* Base */ = {isa = PBXFileReference; lastKnownFileType = file.storyboard; name = Base; path = Base.lproj/Main.storyboard; sourceTree = "<group>"; };
		F682ACA71F307A7B00BF29F0 /* Assets.xcassets */ = {isa = PBXFileReference; lastKnownFileType = folder.assetcatalog; path = Assets.xcassets; sourceTree = "<group>"; };
		F682ACAA1F307A7B00BF29F0 /* Base */ = {isa = PBXFileReference; lastKnownFileType = file.storyboard; name = Base; path = Base.lproj/LaunchScreen.storyboard; sourceTree = "<group>"; };
		F682ACAC1F307A7B00BF29F0 /* Info.plist */ = {isa = PBXFileReference; lastKnownFileType = text.plist.xml; path = Info.plist; sourceTree = "<group>"; };
		F6CDE3541F3862A0008082C2 /* MapViewController.swift */ = {isa = PBXFileReference; fileEncoding = 4; lastKnownFileType = sourcecode.swift; path = MapViewController.swift; sourceTree = "<group>"; };
		F6CDE3561F3869D0008082C2 /* ParseClient.swift */ = {isa = PBXFileReference; fileEncoding = 4; lastKnownFileType = sourcecode.swift; path = ParseClient.swift; sourceTree = "<group>"; };
		F6CDE3591F386F86008082C2 /* ListViewController.swift */ = {isa = PBXFileReference; fileEncoding = 4; lastKnownFileType = sourcecode.swift; path = ListViewController.swift; sourceTree = "<group>"; };
		F6DBC5F81F38912E00B625B8 /* ParseConvenience.swift */ = {isa = PBXFileReference; fileEncoding = 4; lastKnownFileType = sourcecode.swift; path = ParseConvenience.swift; sourceTree = "<group>"; };
/* End PBXFileReference section */

/* Begin PBXFrameworksBuildPhase section */
		F682AC9A1F307A7B00BF29F0 /* Frameworks */ = {
			isa = PBXFrameworksBuildPhase;
			buildActionMask = 2147483647;
			files = (
				2A9A1C63045089787BC222B1 /* Pods_OnTheMap.framework in Frameworks */,
			);
			runOnlyForDeploymentPostprocessing = 0;
		};
/* End PBXFrameworksBuildPhase section */

/* Begin PBXGroup section */
		E1FD57E6F099CAE2FC6D09AA /* Frameworks */ = {
			isa = PBXGroup;
			children = (
				BADE8D9205964B8DDB2AC2AB /* Pods_OnTheMap.framework */,
			);
			name = Frameworks;
			sourceTree = "<group>";
		};
		F66188EC1F3223D400F67B6F /* Model */ = {
			isa = PBXGroup;
			children = (
				F646F4961F34473100DE38F9 /* StudentInformation.swift */,
				F65696371F40A8E700837B58 /* Storage.swift */,
				F61E5F761F35BD8A00806882 /* OTMConstants.swift */,
				F6CDE3561F3869D0008082C2 /* ParseClient.swift */,
				F6DBC5F81F38912E00B625B8 /* ParseConvenience.swift */,
				F64710C91F35C4D400E9854B /* UdacityClient.swift */,
				F67886071F3754B6004C8F96 /* UdacityConvenience.swift */,
				F65696411F41778200837B58 /* StudentModel.swift */,
				F656963F1F416FEE00837B58 /* OTMLocation.swift */,
			);
			name = Model;
			sourceTree = "<group>";
		};
		F66188ED1F3223EC00F67B6F /* Controller */ = {
			isa = PBXGroup;
			children = (
				F682ACA21F307A7B00BF29F0 /* LoginViewController.swift */,
				F6CDE3541F3862A0008082C2 /* MapViewController.swift */,
				F67787491F3DA769001B14F2 /* TabBarViewController.swift */,
				F6CDE3591F386F86008082C2 /* ListViewController.swift */,
				F656963B1F40BBF600837B58 /* InfoPostingViewController.swift */,
			);
			name = Controller;
			sourceTree = "<group>";
		};
		F682AC941F307A7B00BF29F0 = {
			isa = PBXGroup;
			children = (
				F682AC9F1F307A7B00BF29F0 /* OnTheMap */,
				F682AC9E1F307A7B00BF29F0 /* Products */,
				FAA5250B525899023257AAC0 /* Pods */,
				E1FD57E6F099CAE2FC6D09AA /* Frameworks */,
			);
			sourceTree = "<group>";
		};
		F682AC9E1F307A7B00BF29F0 /* Products */ = {
			isa = PBXGroup;
			children = (
				F682AC9D1F307A7B00BF29F0 /* OnTheMap.app */,
			);
			name = Products;
			sourceTree = "<group>";
		};
		F682AC9F1F307A7B00BF29F0 /* OnTheMap */ = {
			isa = PBXGroup;
			children = (
				F62AF5BD1F39879F00EA5CA3 /* OnTheMap-Bridging-Header.h */,
				F6CDE3581F386B8D008082C2 /* View */,
				F66188ED1F3223EC00F67B6F /* Controller */,
				F66188EC1F3223D400F67B6F /* Model */,
				F682ACA01F307A7B00BF29F0 /* AppDelegate.swift */,
				F682ACA41F307A7B00BF29F0 /* Main.storyboard */,
				F682ACA71F307A7B00BF29F0 /* Assets.xcassets */,
				F682ACA91F307A7B00BF29F0 /* LaunchScreen.storyboard */,
				F682ACAC1F307A7B00BF29F0 /* Info.plist */,
			);
			path = OnTheMap;
			sourceTree = "<group>";
		};
		F6CDE3581F386B8D008082C2 /* View */ = {
			isa = PBXGroup;
			children = (
				F65696391F40ADD800837B58 /* OTMTableViewCell.swift */,
				F656963D1F40BE0200837B58 /* RoundedButton.swift */,
			);
			name = View;
			sourceTree = "<group>";
		};
		FAA5250B525899023257AAC0 /* Pods */ = {
			isa = PBXGroup;
			children = (
				4E7B9CF497CA011B9D65A8DC /* Pods-OnTheMap.debug.xcconfig */,
				D95C4231FE043AE9042DECA0 /* Pods-OnTheMap.release.xcconfig */,
			);
			name = Pods;
			sourceTree = "<group>";
		};
/* End PBXGroup section */

/* Begin PBXNativeTarget section */
		F682AC9C1F307A7B00BF29F0 /* OnTheMap */ = {
			isa = PBXNativeTarget;
			buildConfigurationList = F682ACAF1F307A7B00BF29F0 /* Build configuration list for PBXNativeTarget "OnTheMap" */;
			buildPhases = (
				C453C0D05FF0B5EC91BDEE5D /* [CP] Check Pods Manifest.lock */,
				F682AC991F307A7B00BF29F0 /* Sources */,
				F682AC9A1F307A7B00BF29F0 /* Frameworks */,
				F682AC9B1F307A7B00BF29F0 /* Resources */,
				8A4202FB2A12F9A02787C509 /* [CP] Embed Pods Frameworks */,
				6163089B68C2DFE7D20C5A7A /* [CP] Copy Pods Resources */,
			);
			buildRules = (
			);
			dependencies = (
			);
			name = OnTheMap;
			productName = OnTheMap;
			productReference = F682AC9D1F307A7B00BF29F0 /* OnTheMap.app */;
			productType = "com.apple.product-type.application";
		};
/* End PBXNativeTarget section */

/* Begin PBXProject section */
		F682AC951F307A7B00BF29F0 /* Project object */ = {
			isa = PBXProject;
			attributes = {
				LastSwiftUpdateCheck = 0830;
				LastUpgradeCheck = 0830;
				ORGANIZATIONNAME = IceApinan;
				TargetAttributes = {
					F682AC9C1F307A7B00BF29F0 = {
						CreatedOnToolsVersion = 8.3.3;
						LastSwiftMigration = 0830;
						ProvisioningStyle = Automatic;
					};
				};
			};
			buildConfigurationList = F682AC981F307A7B00BF29F0 /* Build configuration list for PBXProject "OnTheMap" */;
			compatibilityVersion = "Xcode 3.2";
			developmentRegion = English;
			hasScannedForEncodings = 0;
			knownRegions = (
				en,
				Base,
			);
			mainGroup = F682AC941F307A7B00BF29F0;
			productRefGroup = F682AC9E1F307A7B00BF29F0 /* Products */;
			projectDirPath = "";
			projectRoot = "";
			targets = (
				F682AC9C1F307A7B00BF29F0 /* OnTheMap */,
			);
		};
/* End PBXProject section */

/* Begin PBXResourcesBuildPhase section */
		F682AC9B1F307A7B00BF29F0 /* Resources */ = {
			isa = PBXResourcesBuildPhase;
			buildActionMask = 2147483647;
			files = (
				F682ACAB1F307A7B00BF29F0 /* LaunchScreen.storyboard in Resources */,
				F682ACA81F307A7B00BF29F0 /* Assets.xcassets in Resources */,
				F682ACA61F307A7B00BF29F0 /* Main.storyboard in Resources */,
			);
			runOnlyForDeploymentPostprocessing = 0;
		};
/* End PBXResourcesBuildPhase section */

/* Begin PBXShellScriptBuildPhase section */
		6163089B68C2DFE7D20C5A7A /* [CP] Copy Pods Resources */ = {
			isa = PBXShellScriptBuildPhase;
			buildActionMask = 2147483647;
			files = (
			);
			inputPaths = (
			);
			name = "[CP] Copy Pods Resources";
			outputPaths = (
			);
			runOnlyForDeploymentPostprocessing = 0;
			shellPath = /bin/sh;
			shellScript = "\"${SRCROOT}/Pods/Target Support Files/Pods-OnTheMap/Pods-OnTheMap-resources.sh\"\n";
			showEnvVarsInLog = 0;
		};
		8A4202FB2A12F9A02787C509 /* [CP] Embed Pods Frameworks */ = {
			isa = PBXShellScriptBuildPhase;
			buildActionMask = 2147483647;
			files = (
			);
			inputPaths = (
			);
			name = "[CP] Embed Pods Frameworks";
			outputPaths = (
			);
			runOnlyForDeploymentPostprocessing = 0;
			shellPath = /bin/sh;
			shellScript = "\"${SRCROOT}/Pods/Target Support Files/Pods-OnTheMap/Pods-OnTheMap-frameworks.sh\"\n";
			showEnvVarsInLog = 0;
		};
		C453C0D05FF0B5EC91BDEE5D /* [CP] Check Pods Manifest.lock */ = {
			isa = PBXShellScriptBuildPhase;
			buildActionMask = 2147483647;
			files = (
			);
			inputPaths = (
			);
			name = "[CP] Check Pods Manifest.lock";
			outputPaths = (
			);
			runOnlyForDeploymentPostprocessing = 0;
			shellPath = /bin/sh;
			shellScript = "diff \"${PODS_PODFILE_DIR_PATH}/Podfile.lock\" \"${PODS_ROOT}/Manifest.lock\" > /dev/null\nif [ $? != 0 ] ; then\n    # print error to STDERR\n    echo \"error: The sandbox is not in sync with the Podfile.lock. Run 'pod install' or update your CocoaPods installation.\" >&2\n    exit 1\nfi\n";
			showEnvVarsInLog = 0;
		};
/* End PBXShellScriptBuildPhase section */

/* Begin PBXSourcesBuildPhase section */
		F682AC991F307A7B00BF29F0 /* Sources */ = {
			isa = PBXSourcesBuildPhase;
			buildActionMask = 2147483647;
			files = (
				F64710CA1F35C4D400E9854B /* UdacityClient.swift in Sources */,
				F6CDE35A1F386F86008082C2 /* ListViewController.swift in Sources */,
				F682ACA31F307A7B00BF29F0 /* LoginViewController.swift in Sources */,
				F656963C1F40BBF600837B58 /* InfoPostingViewController.swift in Sources */,
				F65696421F41778200837B58 /* StudentModel.swift in Sources */,
				F646F4971F34473100DE38F9 /* StudentInformation.swift in Sources */,
				F65696401F416FEE00837B58 /* OTMLocation.swift in Sources */,
				F677874A1F3DA769001B14F2 /* TabBarViewController.swift in Sources */,
				F61E5F771F35BD8A00806882 /* OTMConstants.swift in Sources */,
				F6DBC5F91F38912E00B625B8 /* ParseConvenience.swift in Sources */,
				F656963A1F40ADD800837B58 /* OTMTableViewCell.swift in Sources */,
				F682ACA11F307A7B00BF29F0 /* AppDelegate.swift in Sources */,
				F656963E1F40BE0200837B58 /* RoundedButton.swift in Sources */,
				F67886081F3754B6004C8F96 /* UdacityConvenience.swift in Sources */,
				F6CDE3571F3869D0008082C2 /* ParseClient.swift in Sources */,
				F6CDE3551F3862A0008082C2 /* MapViewController.swift in Sources */,
				F65696381F40A8E700837B58 /* Storage.swift in Sources */,
			);
			runOnlyForDeploymentPostprocessing = 0;
		};
/* End PBXSourcesBuildPhase section */

/* Begin PBXVariantGroup section */
		F682ACA41F307A7B00BF29F0 /* Main.storyboard */ = {
			isa = PBXVariantGroup;
			children = (
				F682ACA51F307A7B00BF29F0 /* Base */,
			);
			name = Main.storyboard;
			sourceTree = "<group>";
		};
		F682ACA91F307A7B00BF29F0 /* LaunchScreen.storyboard */ = {
			isa = PBXVariantGroup;
			children = (
				F682ACAA1F307A7B00BF29F0 /* Base */,
			);
			name = LaunchScreen.storyboard;
			sourceTree = "<group>";
		};
/* End PBXVariantGroup section */

/* Begin XCBuildConfiguration section */
		F682ACAD1F307A7B00BF29F0 /* Debug */ = {
			isa = XCBuildConfiguration;
			buildSettings = {
				ALWAYS_SEARCH_USER_PATHS = NO;
				CLANG_ANALYZER_NONNULL = YES;
				CLANG_ANALYZER_NUMBER_OBJECT_CONVERSION = YES_AGGRESSIVE;
				CLANG_CXX_LANGUAGE_STANDARD = "gnu++0x";
				CLANG_CXX_LIBRARY = "libc++";
				CLANG_ENABLE_MODULES = YES;
				CLANG_ENABLE_OBJC_ARC = YES;
				CLANG_WARN_BLOCK_CAPTURE_AUTORELEASING = YES;
				CLANG_WARN_BOOL_CONVERSION = YES;
				CLANG_WARN_COMMA = YES;
				CLANG_WARN_CONSTANT_CONVERSION = YES;
				CLANG_WARN_DIRECT_OBJC_ISA_USAGE = YES_ERROR;
				CLANG_WARN_DOCUMENTATION_COMMENTS = YES;
				CLANG_WARN_EMPTY_BODY = YES;
				CLANG_WARN_ENUM_CONVERSION = YES;
				CLANG_WARN_INFINITE_RECURSION = YES;
				CLANG_WARN_INT_CONVERSION = YES;
				CLANG_WARN_NON_LITERAL_NULL_CONVERSION = YES;
				CLANG_WARN_OBJC_LITERAL_CONVERSION = YES;
				CLANG_WARN_OBJC_ROOT_CLASS = YES_ERROR;
				CLANG_WARN_RANGE_LOOP_ANALYSIS = YES;
				CLANG_WARN_STRICT_PROTOTYPES = YES;
				CLANG_WARN_SUSPICIOUS_MOVE = YES;
				CLANG_WARN_UNREACHABLE_CODE = YES;
				CLANG_WARN__ARC_BRIDGE_CAST_NONARC = YES;
				CLANG_WARN__DUPLICATE_METHOD_MATCH = YES;
				"CODE_SIGN_IDENTITY[sdk=iphoneos*]" = "iPhone Developer";
				COPY_PHASE_STRIP = NO;
				DEBUG_INFORMATION_FORMAT = dwarf;
				ENABLE_STRICT_OBJC_MSGSEND = YES;
				ENABLE_TESTABILITY = YES;
				GCC_C_LANGUAGE_STANDARD = gnu99;
				GCC_DYNAMIC_NO_PIC = NO;
				GCC_NO_COMMON_BLOCKS = YES;
				GCC_OPTIMIZATION_LEVEL = 0;
				GCC_PREPROCESSOR_DEFINITIONS = (
					"DEBUG=1",
					"$(inherited)",
				);
				GCC_WARN_64_TO_32_BIT_CONVERSION = YES;
				GCC_WARN_ABOUT_RETURN_TYPE = YES_ERROR;
				GCC_WARN_UNDECLARED_SELECTOR = YES;
				GCC_WARN_UNINITIALIZED_AUTOS = YES_AGGRESSIVE;
				GCC_WARN_UNUSED_FUNCTION = YES;
				GCC_WARN_UNUSED_VARIABLE = YES;
				IPHONEOS_DEPLOYMENT_TARGET = 10.3;
				MTL_ENABLE_DEBUG_INFO = YES;
				ONLY_ACTIVE_ARCH = YES;
				SDKROOT = iphoneos;
				SWIFT_ACTIVE_COMPILATION_CONDITIONS = DEBUG;
				SWIFT_INSTALL_OBJC_HEADER = YES;
				SWIFT_OBJC_BRIDGING_HEADER = "";
				SWIFT_OPTIMIZATION_LEVEL = "-Onone";
				SWIFT_VERSION = 3.0;
				TARGETED_DEVICE_FAMILY = "1,2";
			};
			name = Debug;
		};
		F682ACAE1F307A7B00BF29F0 /* Release */ = {
			isa = XCBuildConfiguration;
			buildSettings = {
				ALWAYS_SEARCH_USER_PATHS = NO;
				CLANG_ANALYZER_NONNULL = YES;
				CLANG_ANALYZER_NUMBER_OBJECT_CONVERSION = YES_AGGRESSIVE;
				CLANG_CXX_LANGUAGE_STANDARD = "gnu++0x";
				CLANG_CXX_LIBRARY = "libc++";
				CLANG_ENABLE_MODULES = YES;
				CLANG_ENABLE_OBJC_ARC = YES;
				CLANG_WARN_BLOCK_CAPTURE_AUTORELEASING = YES;
				CLANG_WARN_BOOL_CONVERSION = YES;
				CLANG_WARN_COMMA = YES;
				CLANG_WARN_CONSTANT_CONVERSION = YES;
				CLANG_WARN_DIRECT_OBJC_ISA_USAGE = YES_ERROR;
				CLANG_WARN_DOCUMENTATION_COMMENTS = YES;
				CLANG_WARN_EMPTY_BODY = YES;
				CLANG_WARN_ENUM_CONVERSION = YES;
				CLANG_WARN_INFINITE_RECURSION = YES;
				CLANG_WARN_INT_CONVERSION = YES;
				CLANG_WARN_NON_LITERAL_NULL_CONVERSION = YES;
				CLANG_WARN_OBJC_LITERAL_CONVERSION = YES;
				CLANG_WARN_OBJC_ROOT_CLASS = YES_ERROR;
				CLANG_WARN_RANGE_LOOP_ANALYSIS = YES;
				CLANG_WARN_STRICT_PROTOTYPES = YES;
				CLANG_WARN_SUSPICIOUS_MOVE = YES;
				CLANG_WARN_UNREACHABLE_CODE = YES;
				CLANG_WARN__ARC_BRIDGE_CAST_NONARC = YES;
				CLANG_WARN__DUPLICATE_METHOD_MATCH = YES;
				"CODE_SIGN_IDENTITY[sdk=iphoneos*]" = "iPhone Developer";
				COPY_PHASE_STRIP = NO;
				DEBUG_INFORMATION_FORMAT = "dwarf-with-dsym";
				ENABLE_NS_ASSERTIONS = NO;
				ENABLE_STRICT_OBJC_MSGSEND = YES;
				GCC_C_LANGUAGE_STANDARD = gnu99;
				GCC_NO_COMMON_BLOCKS = YES;
				GCC_WARN_64_TO_32_BIT_CONVERSION = YES;
				GCC_WARN_ABOUT_RETURN_TYPE = YES_ERROR;
				GCC_WARN_UNDECLARED_SELECTOR = YES;
				GCC_WARN_UNINITIALIZED_AUTOS = YES_AGGRESSIVE;
				GCC_WARN_UNUSED_FUNCTION = YES;
				GCC_WARN_UNUSED_VARIABLE = YES;
				IPHONEOS_DEPLOYMENT_TARGET = 10.3;
				MTL_ENABLE_DEBUG_INFO = NO;
				SDKROOT = iphoneos;
				SWIFT_INSTALL_OBJC_HEADER = YES;
				SWIFT_OBJC_BRIDGING_HEADER = "";
				SWIFT_OPTIMIZATION_LEVEL = "-Owholemodule";
				SWIFT_VERSION = 3.0;
				TARGETED_DEVICE_FAMILY = "1,2";
				VALIDATE_PRODUCT = YES;
			};
			name = Release;
		};
		F682ACB01F307A7B00BF29F0 /* Debug */ = {
			isa = XCBuildConfiguration;
			baseConfigurationReference = 4E7B9CF497CA011B9D65A8DC /* Pods-OnTheMap.debug.xcconfig */;
			buildSettings = {
				ALWAYS_EMBED_SWIFT_STANDARD_LIBRARIES = YES;
				ASSETCATALOG_COMPILER_APPICON_NAME = AppIcon;
				CLANG_ENABLE_MODULES = YES;
				DEFINES_MODULE = YES;
				INFOPLIST_FILE = OnTheMap/Info.plist;
				IPHONEOS_DEPLOYMENT_TARGET = 9.0;
				LD_RUNPATH_SEARCH_PATHS = "$(inherited) @executable_path/Frameworks";
				PRODUCT_BUNDLE_IDENTIFIER = com.IceApinan.OnTheMap;
				PRODUCT_NAME = "$(TARGET_NAME)";
				SWIFT_OBJC_BRIDGING_HEADER = "OnTheMap/OnTheMap-Bridging-Header.h";
				SWIFT_OPTIMIZATION_LEVEL = "-Onone";
				SWIFT_VERSION = 3.0;
			};
			name = Debug;
		};
		F682ACB11F307A7B00BF29F0 /* Release */ = {
			isa = XCBuildConfiguration;
			baseConfigurationReference = D95C4231FE043AE9042DECA0 /* Pods-OnTheMap.release.xcconfig */;
			buildSettings = {
				ALWAYS_EMBED_SWIFT_STANDARD_LIBRARIES = YES;
				ASSETCATALOG_COMPILER_APPICON_NAME = AppIcon;
				CLANG_ENABLE_MODULES = YES;
				DEFINES_MODULE = YES;
				INFOPLIST_FILE = OnTheMap/Info.plist;
				IPHONEOS_DEPLOYMENT_TARGET = 9.0;
				LD_RUNPATH_SEARCH_PATHS = "$(inherited) @executable_path/Frameworks";
				PRODUCT_BUNDLE_IDENTIFIER = com.IceApinan.OnTheMap;
				PRODUCT_NAME = "$(TARGET_NAME)";
				SWIFT_OBJC_BRIDGING_HEADER = "OnTheMap/OnTheMap-Bridging-Header.h";
				SWIFT_VERSION = 3.0;
			};
			name = Release;
		};
/* End XCBuildConfiguration section */

/* Begin XCConfigurationList section */
		F682AC981F307A7B00BF29F0 /* Build configuration list for PBXProject "OnTheMap" */ = {
			isa = XCConfigurationList;
			buildConfigurations = (
				F682ACAD1F307A7B00BF29F0 /* Debug */,
				F682ACAE1F307A7B00BF29F0 /* Release */,
			);
			defaultConfigurationIsVisible = 0;
			defaultConfigurationName = Release;
		};
		F682ACAF1F307A7B00BF29F0 /* Build configuration list for PBXNativeTarget "OnTheMap" */ = {
			isa = XCConfigurationList;
			buildConfigurations = (
				F682ACB01F307A7B00BF29F0 /* Debug */,
				F682ACB11F307A7B00BF29F0 /* Release */,
			);
			defaultConfigurationIsVisible = 0;
			defaultConfigurationName = Release;
		};
/* End XCConfigurationList section */
	};
	rootObject = F682AC951F307A7B00BF29F0 /* Project object */;
}
